
Microsoft Visual Studio Solution File, Format Version 12.00
# Visual Studio Version 17
VisualStudioVersion = 17.4.33122.133
MinimumVisualStudioVersion = 10.0.40219.1
Project("{FAE04EC0-301F-11D3-BF4B-00C04F79EFBC}") = "Ejercicio 2.6 Auto (Resuelto)", "Ejercicio 2.6 Auto (Resuelto).csproj", "{106A44CF-528F-4FE0-A740-A823AEAE5AFB}"
EndProject
Global
	GlobalSection(SolutionConfigurationPlatforms) = preSolution
		Debug|Any CPU = Debug|Any CPU
		Release|Any CPU = Release|Any CPU
	EndGlobalSection
	GlobalSection(ProjectConfigurationPlatforms) = postSolution
		{106A44CF-528F-4FE0-A740-A823AEAE5AFB}.Debug|Any CPU.ActiveCfg = Debug|Any CPU
		{106A44CF-528F-4FE0-A740-A823AEAE5AFB}.Debug|Any CPU.Build.0 = Debug|Any CPU
		{106A44CF-528F-4FE0-A740-A823AEAE5AFB}.Release|Any CPU.ActiveCfg = Release|Any CPU
		{106A44CF-528F-4FE0-A740-A823AEAE5AFB}.Release|Any CPU.Build.0 = Release|Any CPU
	EndGlobalSection
	GlobalSection(SolutionProperties) = preSolution
		HideSolutionNode = FALSE
	EndGlobalSection
	GlobalSection(ExtensibilityGlobals) = postSolution
		SolutionGuid = {5B10811B-B967-4833-80C1-3CC191DF4B7B}
	EndGlobalSection
EndGlobal
